
Microsoft Visual Studio Solution File, Format Version 12.00
# Visual Studio Version 16
VisualStudioVersion = 16.0.31729.503
MinimumVisualStudioVersion = 10.0.40219.1
Project("{FAE04EC0-301F-11D3-BF4B-00C04F79EFBC}") = "WinFormsApp2", "WinFormsApp2\WinFormsApp2.csproj", "{9788D360-09BC-473B-A272-50D3EC914D05}"
EndProject
Global
	GlobalSection(SolutionConfigurationPlatforms) = preSolution
		Debug|Any CPU = Debug|Any CPU
		Release|Any CPU = Release|Any CPU
	EndGlobalSection
	GlobalSection(ProjectConfigurationPlatforms) = postSolution
		{9788D360-09BC-473B-A272-50D3EC914D05}.Debug|Any CPU.ActiveCfg = Debug|Any CPU
		{9788D360-09BC-473B-A272-50D3EC914D05}.Debug|Any CPU.Build.0 = Debug|Any CPU
		{9788D360-09BC-473B-A272-50D3EC914D05}.Release|Any CPU.ActiveCfg = Release|Any CPU
		{9788D360-09BC-473B-A272-50D3EC914D05}.Release|Any CPU.Build.0 = Release|Any CPU
	EndGlobalSection
	GlobalSection(SolutionProperties) = preSolution
		HideSolutionNode = FALSE
	EndGlobalSection
	GlobalSection(ExtensibilityGlobals) = postSolution
		SolutionGuid = {A58D7FD9-33E8-41EE-A032-B8F7ED36E16D}
	EndGlobalSection
EndGlobal
